// !$*UTF8*$!
{
	archiveVersion = 1;
	classes = {
	};
	objectVersion = 60;
	objects = {

/* Begin PBXBuildFile section */
		118C28052D35E58F0054899D /* RandomViewController.swift in Sources */ = {isa = PBXBuildFile; fileRef = 118C28042D35E58F0054899D /* RandomViewController.swift */; };
		118C280C2D35FF590054899D /* SnapKit in Frameworks */ = {isa = PBXBuildFile; productRef = 118C280B2D35FF590054899D /* SnapKit */; };
		118C280F2D35FF6E0054899D /* Then in Frameworks */ = {isa = PBXBuildFile; productRef = 118C280E2D35FF6E0054899D /* Then */; };
		118C28152D36030F0054899D /* Alamofire in Frameworks */ = {isa = PBXBuildFile; productRef = 118C28142D36030F0054899D /* Alamofire */; };
		11B76E9F2D34963600BCE282 /* AppDelegate.swift in Sources */ = {isa = PBXBuildFile; fileRef = 11B76E9E2D34963600BCE282 /* AppDelegate.swift */; };
		11B76EA12D34963600BCE282 /* SceneDelegate.swift in Sources */ = {isa = PBXBuildFile; fileRef = 11B76EA02D34963600BCE282 /* SceneDelegate.swift */; };
		11B76EA32D34963600BCE282 /* ViewController.swift in Sources */ = {isa = PBXBuildFile; fileRef = 11B76EA22D34963600BCE282 /* ViewController.swift */; };
		11B76EA82D34963700BCE282 /* Assets.xcassets in Resources */ = {isa = PBXBuildFile; fileRef = 11B76EA72D34963700BCE282 /* Assets.xcassets */; };
		11B76EAB2D34963700BCE282 /* Base in Resources */ = {isa = PBXBuildFile; fileRef = 11B76EAA2D34963700BCE282 /* Base */; };
		11B76EB52D349CB400BCE282 /* ViewPresenstableProtocol.swift.swift in Sources */ = {isa = PBXBuildFile; fileRef = 11B76EB42D349CB400BCE282 /* ViewPresenstableProtocol.swift.swift */; };
		11B76EC82D34DA1F00BCE282 /* BookViewController.swift in Sources */ = {isa = PBXBuildFile; fileRef = 11B76EC72D34DA1F00BCE282 /* BookViewController.swift */; };
		11E3668F2D374BEB008C1E04 /* KakaoBookSearchTableViewCell.swift in Sources */ = {isa = PBXBuildFile; fileRef = 11E3668D2D374BEB008C1E04 /* KakaoBookSearchTableViewCell.swift */; };
		11E366902D374BEB008C1E04 /* KakaoBookSearchViewController.swift in Sources */ = {isa = PBXBuildFile; fileRef = 11E3668E2D374BEB008C1E04 /* KakaoBookSearchViewController.swift */; };
		11E366932D37557A008C1E04 /* Kingfisher in Frameworks */ = {isa = PBXBuildFile; productRef = 11E366922D37557A008C1E04 /* Kingfisher */; };
		11E366962D375CF5008C1E04 /* Book.swift in Sources */ = {isa = PBXBuildFile; fileRef = 11E366952D375CF3008C1E04 /* Book.swift */; };
		11E366982D375DCF008C1E04 /* .gitignore in Resources */ = {isa = PBXBuildFile; fileRef = 11E366972D375DCF008C1E04 /* .gitignore */; };
		11E3669A2D375E7A008C1E04 /* APIKey.swift in Sources */ = {isa = PBXBuildFile; fileRef = 11E366992D375E75008C1E04 /* APIKey.swift */; };
/* End PBXBuildFile section */

/* Begin PBXFileReference section */
		118C28042D35E58F0054899D /* RandomViewController.swift */ = {isa = PBXFileReference; lastKnownFileType = sourcecode.swift; path = RandomViewController.swift; sourceTree = "<group>"; };
		11B76E9B2D34963600BCE282 /* FourthWeek.app */ = {isa = PBXFileReference; explicitFileType = wrapper.application; includeInIndex = 0; path = FourthWeek.app; sourceTree = BUILT_PRODUCTS_DIR; };
		11B76E9E2D34963600BCE282 /* AppDelegate.swift */ = {isa = PBXFileReference; lastKnownFileType = sourcecode.swift; path = AppDelegate.swift; sourceTree = "<group>"; };
		11B76EA02D34963600BCE282 /* SceneDelegate.swift */ = {isa = PBXFileReference; lastKnownFileType = sourcecode.swift; path = SceneDelegate.swift; sourceTree = "<group>"; };
		11B76EA22D34963600BCE282 /* ViewController.swift */ = {isa = PBXFileReference; lastKnownFileType = sourcecode.swift; path = ViewController.swift; sourceTree = "<group>"; };
		11B76EA72D34963700BCE282 /* Assets.xcassets */ = {isa = PBXFileReference; lastKnownFileType = folder.assetcatalog; path = Assets.xcassets; sourceTree = "<group>"; };
		11B76EAA2D34963700BCE282 /* Base */ = {isa = PBXFileReference; lastKnownFileType = file.storyboard; name = Base; path = Base.lproj/LaunchScreen.storyboard; sourceTree = "<group>"; };
		11B76EAC2D34963700BCE282 /* Info.plist */ = {isa = PBXFileReference; lastKnownFileType = text.plist.xml; path = Info.plist; sourceTree = "<group>"; };
		11B76EB42D349CB400BCE282 /* ViewPresenstableProtocol.swift.swift */ = {isa = PBXFileReference; lastKnownFileType = sourcecode.swift; path = ViewPresenstableProtocol.swift.swift; sourceTree = "<group>"; };
		11B76EC72D34DA1F00BCE282 /* BookViewController.swift */ = {isa = PBXFileReference; lastKnownFileType = sourcecode.swift; path = BookViewController.swift; sourceTree = "<group>"; };
		11E3668D2D374BEB008C1E04 /* KakaoBookSearchTableViewCell.swift */ = {isa = PBXFileReference; lastKnownFileType = sourcecode.swift; path = KakaoBookSearchTableViewCell.swift; sourceTree = "<group>"; };
		11E3668E2D374BEB008C1E04 /* KakaoBookSearchViewController.swift */ = {isa = PBXFileReference; lastKnownFileType = sourcecode.swift; path = KakaoBookSearchViewController.swift; sourceTree = "<group>"; };
		11E366952D375CF3008C1E04 /* Book.swift */ = {isa = PBXFileReference; lastKnownFileType = sourcecode.swift; path = Book.swift; sourceTree = "<group>"; };
		11E366972D375DCF008C1E04 /* .gitignore */ = {isa = PBXFileReference; lastKnownFileType = text; path = .gitignore; sourceTree = "<group>"; };
		11E366992D375E75008C1E04 /* APIKey.swift */ = {isa = PBXFileReference; lastKnownFileType = sourcecode.swift; path = APIKey.swift; sourceTree = "<group>"; };
/* End PBXFileReference section */

/* Begin PBXFrameworksBuildPhase section */
		11B76E982D34963600BCE282 /* Frameworks */ = {
			isa = PBXFrameworksBuildPhase;
			buildActionMask = 2147483647;
			files = (
				11E366932D37557A008C1E04 /* Kingfisher in Frameworks */,
				118C28152D36030F0054899D /* Alamofire in Frameworks */,
				118C280F2D35FF6E0054899D /* Then in Frameworks */,
				118C280C2D35FF590054899D /* SnapKit in Frameworks */,
			);
			runOnlyForDeploymentPostprocessing = 0;
		};
/* End PBXFrameworksBuildPhase section */

/* Begin PBXGroup section */
		11B76E922D34963600BCE282 = {
			isa = PBXGroup;
			children = (
				11E366972D375DCF008C1E04 /* .gitignore */,
				11B76E9D2D34963600BCE282 /* FourthWeek */,
				11B76E9C2D34963600BCE282 /* Products */,
			);
			sourceTree = "<group>";
		};
		11B76E9C2D34963600BCE282 /* Products */ = {
			isa = PBXGroup;
			children = (
				11B76E9B2D34963600BCE282 /* FourthWeek.app */,
			);
			name = Products;
			sourceTree = "<group>";
		};
		11B76E9D2D34963600BCE282 /* FourthWeek */ = {
			isa = PBXGroup;
			children = (
				11E366992D375E75008C1E04 /* APIKey.swift */,
				11E366942D375CDE008C1E04 /* Kakao */,
				11B76E9E2D34963600BCE282 /* AppDelegate.swift */,
				11B76EA02D34963600BCE282 /* SceneDelegate.swift */,
				11B76EA22D34963600BCE282 /* ViewController.swift */,
				11E3668D2D374BEB008C1E04 /* KakaoBookSearchTableViewCell.swift */,
				11E3668E2D374BEB008C1E04 /* KakaoBookSearchViewController.swift */,
				11B76EA72D34963700BCE282 /* Assets.xcassets */,
				11B76EA92D34963700BCE282 /* LaunchScreen.storyboard */,
				11B76EAC2D34963700BCE282 /* Info.plist */,
				11B76EB42D349CB400BCE282 /* ViewPresenstableProtocol.swift.swift */,
				11B76EC72D34DA1F00BCE282 /* BookViewController.swift */,
				118C28042D35E58F0054899D /* RandomViewController.swift */,
			);
			path = FourthWeek;
			sourceTree = "<group>";
		};
		11E366942D375CDE008C1E04 /* Kakao */ = {
			isa = PBXGroup;
			children = (
				11E366952D375CF3008C1E04 /* Book.swift */,
			);
			path = Kakao;
			sourceTree = "<group>";
		};
/* End PBXGroup section */

/* Begin PBXNativeTarget section */
		11B76E9A2D34963600BCE282 /* FourthWeek */ = {
			isa = PBXNativeTarget;
			buildConfigurationList = 11B76EAF2D34963700BCE282 /* Build configuration list for PBXNativeTarget "FourthWeek" */;
			buildPhases = (
				11B76E972D34963600BCE282 /* Sources */,
				11B76E982D34963600BCE282 /* Frameworks */,
				11B76E992D34963600BCE282 /* Resources */,
			);
			buildRules = (
			);
			dependencies = (
			);
			name = FourthWeek;
			packageProductDependencies = (
				118C280B2D35FF590054899D /* SnapKit */,
				118C280E2D35FF6E0054899D /* Then */,
				118C28142D36030F0054899D /* Alamofire */,
				11E366922D37557A008C1E04 /* Kingfisher */,
			);
			productName = FourthWeek;
			productReference = 11B76E9B2D34963600BCE282 /* FourthWeek.app */;
			productType = "com.apple.product-type.application";
		};
/* End PBXNativeTarget section */

/* Begin PBXProject section */
		11B76E932D34963600BCE282 /* Project object */ = {
			isa = PBXProject;
			attributes = {
				BuildIndependentTargetsInParallel = 1;
				LastSwiftUpdateCheck = 1600;
				LastUpgradeCheck = 1600;
				TargetAttributes = {
					11B76E9A2D34963600BCE282 = {
						CreatedOnToolsVersion = 16.0;
					};
				};
			};
			buildConfigurationList = 11B76E962D34963600BCE282 /* Build configuration list for PBXProject "FourthWeek" */;
			compatibilityVersion = "Xcode 15.0";
			developmentRegion = en;
			hasScannedForEncodings = 0;
			knownRegions = (
				en,
				Base,
			);
			mainGroup = 11B76E922D34963600BCE282;
			packageReferences = (
				118C280A2D35FF590054899D /* XCRemoteSwiftPackageReference "SnapKit" */,
				118C280D2D35FF6E0054899D /* XCRemoteSwiftPackageReference "Then" */,
				118C28132D36030F0054899D /* XCRemoteSwiftPackageReference "Alamofire" */,
				11E366912D37557A008C1E04 /* XCRemoteSwiftPackageReference "Kingfisher" */,
			);
			productRefGroup = 11B76E9C2D34963600BCE282 /* Products */;
			projectDirPath = "";
			projectRoot = "";
			targets = (
				11B76E9A2D34963600BCE282 /* FourthWeek */,
			);
		};
/* End PBXProject section */

/* Begin PBXResourcesBuildPhase section */
		11B76E992D34963600BCE282 /* Resources */ = {
			isa = PBXResourcesBuildPhase;
			buildActionMask = 2147483647;
			files = (
				11B76EA82D34963700BCE282 /* Assets.xcassets in Resources */,
				11E366982D375DCF008C1E04 /* .gitignore in Resources */,
				11B76EAB2D34963700BCE282 /* Base in Resources */,
			);
			runOnlyForDeploymentPostprocessing = 0;
		};
/* End PBXResourcesBuildPhase section */

/* Begin PBXSourcesBuildPhase section */
		11B76E972D34963600BCE282 /* Sources */ = {
			isa = PBXSourcesBuildPhase;
			buildActionMask = 2147483647;
			files = (
				11B76EA32D34963600BCE282 /* ViewController.swift in Sources */,
				11B76EB52D349CB400BCE282 /* ViewPresenstableProtocol.swift.swift in Sources */,
				11B76EC82D34DA1F00BCE282 /* BookViewController.swift in Sources */,
				11E3668F2D374BEB008C1E04 /* KakaoBookSearchTableViewCell.swift in Sources */,
				11E3669A2D375E7A008C1E04 /* APIKey.swift in Sources */,
				11E366902D374BEB008C1E04 /* KakaoBookSearchViewController.swift in Sources */,
				11E366962D375CF5008C1E04 /* Book.swift in Sources */,
				118C28052D35E58F0054899D /* RandomViewController.swift in Sources */,
				11B76E9F2D34963600BCE282 /* AppDelegate.swift in Sources */,
				11B76EA12D34963600BCE282 /* SceneDelegate.swift in Sources */,
			);
			runOnlyForDeploymentPostprocessing = 0;
		};
/* End PBXSourcesBuildPhase section */

/* Begin PBXVariantGroup section */
		11B76EA92D34963700BCE282 /* LaunchScreen.storyboard */ = {
			isa = PBXVariantGroup;
			children = (
				11B76EAA2D34963700BCE282 /* Base */,
			);
			name = LaunchScreen.storyboard;
			sourceTree = "<group>";
		};
/* End PBXVariantGroup section */

/* Begin XCBuildConfiguration section */
		11B76EAD2D34963700BCE282 /* Debug */ = {
			isa = XCBuildConfiguration;
			buildSettings = {
				ALWAYS_SEARCH_USER_PATHS = NO;
				ASSETCATALOG_COMPILER_GENERATE_SWIFT_ASSET_SYMBOL_EXTENSIONS = YES;
				CLANG_ANALYZER_NONNULL = YES;
				CLANG_ANALYZER_NUMBER_OBJECT_CONVERSION = YES_AGGRESSIVE;
				CLANG_CXX_LANGUAGE_STANDARD = "gnu++20";
				CLANG_ENABLE_MODULES = YES;
				CLANG_ENABLE_OBJC_ARC = YES;
				CLANG_ENABLE_OBJC_WEAK = YES;
				CLANG_WARN_BLOCK_CAPTURE_AUTORELEASING = YES;
				CLANG_WARN_BOOL_CONVERSION = YES;
				CLANG_WARN_COMMA = YES;
				CLANG_WARN_CONSTANT_CONVERSION = YES;
				CLANG_WARN_DEPRECATED_OBJC_IMPLEMENTATIONS = YES;
				CLANG_WARN_DIRECT_OBJC_ISA_USAGE = YES_ERROR;
				CLANG_WARN_DOCUMENTATION_COMMENTS = YES;
				CLANG_WARN_EMPTY_BODY = YES;
				CLANG_WARN_ENUM_CONVERSION = YES;
				CLANG_WARN_INFINITE_RECURSION = YES;
				CLANG_WARN_INT_CONVERSION = YES;
				CLANG_WARN_NON_LITERAL_NULL_CONVERSION = YES;
				CLANG_WARN_OBJC_IMPLICIT_RETAIN_SELF = YES;
				CLANG_WARN_OBJC_LITERAL_CONVERSION = YES;
				CLANG_WARN_OBJC_ROOT_CLASS = YES_ERROR;
				CLANG_WARN_QUOTED_INCLUDE_IN_FRAMEWORK_HEADER = YES;
				CLANG_WARN_RANGE_LOOP_ANALYSIS = YES;
				CLANG_WARN_STRICT_PROTOTYPES = YES;
				CLANG_WARN_SUSPICIOUS_MOVE = YES;
				CLANG_WARN_UNGUARDED_AVAILABILITY = YES_AGGRESSIVE;
				CLANG_WARN_UNREACHABLE_CODE = YES;
				CLANG_WARN__DUPLICATE_METHOD_MATCH = YES;
				COPY_PHASE_STRIP = NO;
				DEBUG_INFORMATION_FORMAT = dwarf;
				ENABLE_STRICT_OBJC_MSGSEND = YES;
				ENABLE_TESTABILITY = YES;
				ENABLE_USER_SCRIPT_SANDBOXING = YES;
				GCC_C_LANGUAGE_STANDARD = gnu17;
				GCC_DYNAMIC_NO_PIC = NO;
				GCC_NO_COMMON_BLOCKS = YES;
				GCC_OPTIMIZATION_LEVEL = 0;
				GCC_PREPROCESSOR_DEFINITIONS = (
					"DEBUG=1",
					"$(inherited)",
				);
				GCC_WARN_64_TO_32_BIT_CONVERSION = YES;
				GCC_WARN_ABOUT_RETURN_TYPE = YES_ERROR;
				GCC_WARN_UNDECLARED_SELECTOR = YES;
				GCC_WARN_UNINITIALIZED_AUTOS = YES_AGGRESSIVE;
				GCC_WARN_UNUSED_FUNCTION = YES;
				GCC_WARN_UNUSED_VARIABLE = YES;
				IPHONEOS_DEPLOYMENT_TARGET = 18.0;
				LOCALIZATION_PREFERS_STRING_CATALOGS = YES;
				MTL_ENABLE_DEBUG_INFO = INCLUDE_SOURCE;
				MTL_FAST_MATH = YES;
				ONLY_ACTIVE_ARCH = YES;
				SDKROOT = iphoneos;
				SWIFT_ACTIVE_COMPILATION_CONDITIONS = "DEBUG $(inherited)";
				SWIFT_OPTIMIZATION_LEVEL = "-Onone";
			};
			name = Debug;
		};
		11B76EAE2D34963700BCE282 /* Release */ = {
			isa = XCBuildConfiguration;
			buildSettings = {
				ALWAYS_SEARCH_USER_PATHS = NO;
				ASSETCATALOG_COMPILER_GENERATE_SWIFT_ASSET_SYMBOL_EXTENSIONS = YES;
				CLANG_ANALYZER_NONNULL = YES;
				CLANG_ANALYZER_NUMBER_OBJECT_CONVERSION = YES_AGGRESSIVE;
				CLANG_CXX_LANGUAGE_STANDARD = "gnu++20";
				CLANG_ENABLE_MODULES = YES;
				CLANG_ENABLE_OBJC_ARC = YES;
				CLANG_ENABLE_OBJC_WEAK = YES;
				CLANG_WARN_BLOCK_CAPTURE_AUTORELEASING = YES;
				CLANG_WARN_BOOL_CONVERSION = YES;
				CLANG_WARN_COMMA = YES;
				CLANG_WARN_CONSTANT_CONVERSION = YES;
				CLANG_WARN_DEPRECATED_OBJC_IMPLEMENTATIONS = YES;
				CLANG_WARN_DIRECT_OBJC_ISA_USAGE = YES_ERROR;
				CLANG_WARN_DOCUMENTATION_COMMENTS = YES;
				CLANG_WARN_EMPTY_BODY = YES;
				CLANG_WARN_ENUM_CONVERSION = YES;
				CLANG_WARN_INFINITE_RECURSION = YES;
				CLANG_WARN_INT_CONVERSION = YES;
				CLANG_WARN_NON_LITERAL_NULL_CONVERSION = YES;
				CLANG_WARN_OBJC_IMPLICIT_RETAIN_SELF = YES;
				CLANG_WARN_OBJC_LITERAL_CONVERSION = YES;
				CLANG_WARN_OBJC_ROOT_CLASS = YES_ERROR;
				CLANG_WARN_QUOTED_INCLUDE_IN_FRAMEWORK_HEADER = YES;
				CLANG_WARN_RANGE_LOOP_ANALYSIS = YES;
				CLANG_WARN_STRICT_PROTOTYPES = YES;
				CLANG_WARN_SUSPICIOUS_MOVE = YES;
				CLANG_WARN_UNGUARDED_AVAILABILITY = YES_AGGRESSIVE;
				CLANG_WARN_UNREACHABLE_CODE = YES;
				CLANG_WARN__DUPLICATE_METHOD_MATCH = YES;
				COPY_PHASE_STRIP = NO;
				DEBUG_INFORMATION_FORMAT = "dwarf-with-dsym";
				ENABLE_NS_ASSERTIONS = NO;
				ENABLE_STRICT_OBJC_MSGSEND = YES;
				ENABLE_USER_SCRIPT_SANDBOXING = YES;
				GCC_C_LANGUAGE_STANDARD = gnu17;
				GCC_NO_COMMON_BLOCKS = YES;
				GCC_WARN_64_TO_32_BIT_CONVERSION = YES;
				GCC_WARN_ABOUT_RETURN_TYPE = YES_ERROR;
				GCC_WARN_UNDECLARED_SELECTOR = YES;
				GCC_WARN_UNINITIALIZED_AUTOS = YES_AGGRESSIVE;
				GCC_WARN_UNUSED_FUNCTION = YES;
				GCC_WARN_UNUSED_VARIABLE = YES;
				IPHONEOS_DEPLOYMENT_TARGET = 18.0;
				LOCALIZATION_PREFERS_STRING_CATALOGS = YES;
				MTL_ENABLE_DEBUG_INFO = NO;
				MTL_FAST_MATH = YES;
				SDKROOT = iphoneos;
				SWIFT_COMPILATION_MODE = wholemodule;
				VALIDATE_PRODUCT = YES;
			};
			name = Release;
		};
		11B76EB02D34963700BCE282 /* Debug */ = {
			isa = XCBuildConfiguration;
			buildSettings = {
				ASSETCATALOG_COMPILER_APPICON_NAME = AppIcon;
				ASSETCATALOG_COMPILER_GLOBAL_ACCENT_COLOR_NAME = AccentColor;
				CODE_SIGN_STYLE = Automatic;
				CURRENT_PROJECT_VERSION = 1;
				DEVELOPMENT_TEAM = W43DLLFB4Q;
				GENERATE_INFOPLIST_FILE = YES;
				INFOPLIST_FILE = FourthWeek/Info.plist;
				INFOPLIST_KEY_UIApplicationSupportsIndirectInputEvents = YES;
				INFOPLIST_KEY_UILaunchStoryboardName = LaunchScreen;
				INFOPLIST_KEY_UISupportedInterfaceOrientations = UIInterfaceOrientationPortrait;
				INFOPLIST_KEY_UISupportedInterfaceOrientations_iPad = "UIInterfaceOrientationLandscapeLeft UIInterfaceOrientationLandscapeRight UIInterfaceOrientationPortrait UIInterfaceOrientationPortraitUpsideDown";
				LD_RUNPATH_SEARCH_PATHS = (
					"$(inherited)",
					"@executable_path/Frameworks",
				);
				MARKETING_VERSION = 1.0;
				PRODUCT_BUNDLE_IDENTIFIER = com.sean.SeSAC.FourthWeek;
				PRODUCT_NAME = "$(TARGET_NAME)";
				SUPPORTED_PLATFORMS = "iphoneos iphonesimulator";
				SUPPORTS_MACCATALYST = NO;
				SUPPORTS_MAC_DESIGNED_FOR_IPHONE_IPAD = NO;
				SUPPORTS_XR_DESIGNED_FOR_IPHONE_IPAD = NO;
				SWIFT_EMIT_LOC_STRINGS = YES;
				SWIFT_VERSION = 5.0;
				TARGETED_DEVICE_FAMILY = 1;
			};
			name = Debug;
		};
		11B76EB12D34963700BCE282 /* Release */ = {
			isa = XCBuildConfiguration;
			buildSettings = {
				ASSETCATALOG_COMPILER_APPICON_NAME = AppIcon;
				ASSETCATALOG_COMPILER_GLOBAL_ACCENT_COLOR_NAME = AccentColor;
				CODE_SIGN_STYLE = Automatic;
				CURRENT_PROJECT_VERSION = 1;
				DEVELOPMENT_TEAM = W43DLLFB4Q;
				GENERATE_INFOPLIST_FILE = YES;
				INFOPLIST_FILE = FourthWeek/Info.plist;
				INFOPLIST_KEY_UIApplicationSupportsIndirectInputEvents = YES;
				INFOPLIST_KEY_UILaunchStoryboardName = LaunchScreen;
				INFOPLIST_KEY_UISupportedInterfaceOrientations = UIInterfaceOrientationPortrait;
				INFOPLIST_KEY_UISupportedInterfaceOrientations_iPad = "UIInterfaceOrientationLandscapeLeft UIInterfaceOrientationLandscapeRight UIInterfaceOrientationPortrait UIInterfaceOrientationPortraitUpsideDown";
				LD_RUNPATH_SEARCH_PATHS = (
					"$(inherited)",
					"@executable_path/Frameworks",
				);
				MARKETING_VERSION = 1.0;
				PRODUCT_BUNDLE_IDENTIFIER = com.sean.SeSAC.FourthWeek;
				PRODUCT_NAME = "$(TARGET_NAME)";
				SUPPORTED_PLATFORMS = "iphoneos iphonesimulator";
				SUPPORTS_MACCATALYST = NO;
				SUPPORTS_MAC_DESIGNED_FOR_IPHONE_IPAD = NO;
				SUPPORTS_XR_DESIGNED_FOR_IPHONE_IPAD = NO;
				SWIFT_EMIT_LOC_STRINGS = YES;
				SWIFT_VERSION = 5.0;
				TARGETED_DEVICE_FAMILY = 1;
			};
			name = Release;
		};
/* End XCBuildConfiguration section */

/* Begin XCConfigurationList section */
		11B76E962D34963600BCE282 /* Build configuration list for PBXProject "FourthWeek" */ = {
			isa = XCConfigurationList;
			buildConfigurations = (
				11B76EAD2D34963700BCE282 /* Debug */,
				11B76EAE2D34963700BCE282 /* Release */,
			);
			defaultConfigurationIsVisible = 0;
			defaultConfigurationName = Release;
		};
		11B76EAF2D34963700BCE282 /* Build configuration list for PBXNativeTarget "FourthWeek" */ = {
			isa = XCConfigurationList;
			buildConfigurations = (
				11B76EB02D34963700BCE282 /* Debug */,
				11B76EB12D34963700BCE282 /* Release */,
			);
			defaultConfigurationIsVisible = 0;
			defaultConfigurationName = Release;
		};
/* End XCConfigurationList section */

/* Begin XCRemoteSwiftPackageReference section */
		118C280A2D35FF590054899D /* XCRemoteSwiftPackageReference "SnapKit" */ = {
			isa = XCRemoteSwiftPackageReference;
			repositoryURL = "https://github.com/SnapKit/SnapKit";
			requirement = {
				kind = upToNextMajorVersion;
				minimumVersion = 5.7.1;
			};
		};
		118C280D2D35FF6E0054899D /* XCRemoteSwiftPackageReference "Then" */ = {
			isa = XCRemoteSwiftPackageReference;
			repositoryURL = "https://github.com/devxoul/Then";
			requirement = {
				kind = upToNextMajorVersion;
				minimumVersion = 3.0.0;
			};
		};
		118C28132D36030F0054899D /* XCRemoteSwiftPackageReference "Alamofire" */ = {
			isa = XCRemoteSwiftPackageReference;
			repositoryURL = "https://github.com/Alamofire/Alamofire";
			requirement = {
				kind = upToNextMajorVersion;
				minimumVersion = 5.10.0;
			};
		};
		11E366912D37557A008C1E04 /* XCRemoteSwiftPackageReference "Kingfisher" */ = {
			isa = XCRemoteSwiftPackageReference;
			repositoryURL = "https://github.com/onevcat/Kingfisher";
			requirement = {
				kind = upToNextMajorVersion;
				minimumVersion = 8.1.3;
			};
		};
/* End XCRemoteSwiftPackageReference section */

/* Begin XCSwiftPackageProductDependency section */
		118C280B2D35FF590054899D /* SnapKit */ = {
			isa = XCSwiftPackageProductDependency;
			package = 118C280A2D35FF590054899D /* XCRemoteSwiftPackageReference "SnapKit" */;
			productName = SnapKit;
		};
		118C280E2D35FF6E0054899D /* Then */ = {
			isa = XCSwiftPackageProductDependency;
			package = 118C280D2D35FF6E0054899D /* XCRemoteSwiftPackageReference "Then" */;
			productName = Then;
		};
		118C28142D36030F0054899D /* Alamofire */ = {
			isa = XCSwiftPackageProductDependency;
			package = 118C28132D36030F0054899D /* XCRemoteSwiftPackageReference "Alamofire" */;
			productName = Alamofire;
		};
		11E366922D37557A008C1E04 /* Kingfisher */ = {
			isa = XCSwiftPackageProductDependency;
			package = 11E366912D37557A008C1E04 /* XCRemoteSwiftPackageReference "Kingfisher" */;
			productName = Kingfisher;
		};
/* End XCSwiftPackageProductDependency section */
	};
	rootObject = 11B76E932D34963600BCE282 /* Project object */;
}
